Microsoft Visual Studio Solution File, Format Version 12.00
# Visual Studio Version 17
VisualStudioVersion = 17.0.31903.59
MinimumVisualStudioVersion = 10.0.40219.1
Project("{FAE04EC0-301F-11D3-BF4B-00C04F79EFBC}") = "CourseManagementSystem.API", "CourseManagementSystem.API\CourseManagementSystem.API.csproj", "{A1B2C3D4-E5F6-7890-ABCD-123456789ABC}"
EndProject
Project("{FAE04EC0-301F-11D3-BF4B-00C04F79EFBC}") = "CourseManagementSystem.Core", "CourseManagementSystem.Core\CourseManagementSystem.Core.csproj", "{10FA6F4C-EA0F-465E-8C3C-F10AAA6FB363}"
EndProject
Project("{FAE04EC0-301F-11D3-BF4B-00C04F79EFBC}") = "CourseManagementSystem.Infrastructure", "CourseManagementSystem.Infrastructure\CourseManagementSystem.Infrastructure.csproj", "{329E0DCA-2FFD-41A0-A6B7-74807FC78960}"
EndProject
Global
	GlobalSection(SolutionConfigurationPlatforms) = preSolution
		Debug|Any CPU = Debug|Any CPU
		Release|Any CPU = Release|Any CPU
	EndGlobalSection
	GlobalSection(ProjectConfigurationPlatforms) = postSolution
		{A1B2C3D4-E5F6-7890-ABCD-123456789ABC}.Debug|Any CPU.ActiveCfg = Debug|Any CPU
		{A1B2C3D4-E5F6-7890-ABCD-123456789ABC}.Debug|Any CPU.Build.0 = Debug|Any CPU
		{A1B2C3D4-E5F6-7890-ABCD-123456789ABC}.Release|Any CPU.ActiveCfg = Release|Any CPU
		{A1B2C3D4-E5F6-7890-ABCD-123456789ABC}.Release|Any CPU.Build.0 = Release|Any CPU
		{10FA6F4C-EA0F-465E-8C3C-F10AAA6FB363}.Debug|Any CPU.ActiveCfg = Debug|Any CPU
		{10FA6F4C-EA0F-465E-8C3C-F10AAA6FB363}.Debug|Any CPU.Build.0 = Debug|Any CPU
		{10FA6F4C-EA0F-465E-8C3C-F10AAA6FB363}.Release|Any CPU.ActiveCfg = Release|Any CPU
		{10FA6F4C-EA0F-465E-8C3C-F10AAA6FB363}.Release|Any CPU.Build.0 = Release|Any CPU
		{329E0DCA-2FFD-41A0-A6B7-74807FC78960}.Debug|Any CPU.ActiveCfg = Debug|Any CPU
		{329E0DCA-2FFD-41A0-A6B7-74807FC78960}.Debug|Any CPU.Build.0 = Debug|Any CPU
		{329E0DCA-2FFD-41A0-A6B7-74807FC78960}.Release|Any CPU.ActiveCfg = Release|Any CPU
		{329E0DCA-2FFD-41A0-A6B7-74807FC78960}.Release|Any CPU.Build.0 = Release|Any CPU
	EndGlobalSection
	GlobalSection(SolutionProperties) = preSolution
		HideSolutionNode = FALSE
	EndGlobalSection
	GlobalSection(ExtensibilityGlobals) = postSolution
		SolutionGuid = {A9F71161-EBC8-42B1-A744-2BC846814936}
	EndGlobalSection
EndGlobal
